
Microsoft Visual Studio Solution File, Format Version 12.00
# Visual Studio 15
VisualStudioVersion = 15.0.28307.539
MinimumVisualStudioVersion = 10.0.40219.1
Project("{9A19103F-16F7-4668-BE54-9A1E7A4F7556}") = "AdventureWorksLT.Data", "AdventureWorksLT.Data.SqlServer\AdventureWorksLT.Data\AdventureWorksLT.Data.vbproj", "{C0C21AA8-E2E5-476B-B898-FEA17154D1A3}"
EndProject
Project("{9A19103F-16F7-4668-BE54-9A1E7A4F7556}") = "AdventureWorksLT.Data.DbDesign", "AdventureWorksLT.Data.SqlServer\AdventureWorksLT.Data.DbDesign\AdventureWorksLT.Data.DbDesign.vbproj", "{FA3D8BD5-14EC-4528-8270-D8011CFC69A6}"
EndProject
Project("{F184B08F-C81C-45F6-A57F-5ABD9991F28F}") = "AdventureWorksLT.WpfApp", "AdventureWorksLT.WpfApp\AdventureWorksLT.WpfApp.vbproj", "{C8FCA700-F174-4151-B392-EA29B547ECE2}"
EndProject
Global
	GlobalSection(SolutionConfigurationPlatforms) = preSolution
		Debug|Any CPU = Debug|Any CPU
		Release|Any CPU = Release|Any CPU
	EndGlobalSection
	GlobalSection(ProjectConfigurationPlatforms) = postSolution
		{C0C21AA8-E2E5-476B-B898-FEA17154D1A3}.Debug|Any CPU.ActiveCfg = Debug|Any CPU
		{C0C21AA8-E2E5-476B-B898-FEA17154D1A3}.Debug|Any CPU.Build.0 = Debug|Any CPU
		{C0C21AA8-E2E5-476B-B898-FEA17154D1A3}.Release|Any CPU.ActiveCfg = Release|Any CPU
		{C0C21AA8-E2E5-476B-B898-FEA17154D1A3}.Release|Any CPU.Build.0 = Release|Any CPU
		{FA3D8BD5-14EC-4528-8270-D8011CFC69A6}.Debug|Any CPU.ActiveCfg = Debug|Any CPU
		{FA3D8BD5-14EC-4528-8270-D8011CFC69A6}.Debug|Any CPU.Build.0 = Debug|Any CPU
		{FA3D8BD5-14EC-4528-8270-D8011CFC69A6}.Release|Any CPU.ActiveCfg = Release|Any CPU
		{FA3D8BD5-14EC-4528-8270-D8011CFC69A6}.Release|Any CPU.Build.0 = Release|Any CPU
		{C8FCA700-F174-4151-B392-EA29B547ECE2}.Debug|Any CPU.ActiveCfg = Debug|Any CPU
		{C8FCA700-F174-4151-B392-EA29B547ECE2}.Debug|Any CPU.Build.0 = Debug|Any CPU
		{C8FCA700-F174-4151-B392-EA29B547ECE2}.Release|Any CPU.ActiveCfg = Release|Any CPU
		{C8FCA700-F174-4151-B392-EA29B547ECE2}.Release|Any CPU.Build.0 = Release|Any CPU
	EndGlobalSection
	GlobalSection(SolutionProperties) = preSolution
		HideSolutionNode = FALSE
	EndGlobalSection
	GlobalSection(ExtensibilityGlobals) = postSolution
		SolutionGuid = {5C024E7A-27E5-4C0D-9F85-96D3910F91B6}
	EndGlobalSection
EndGlobal
