
Microsoft Visual Studio Solution File, Format Version 12.00
# Visual Studio 15
VisualStudioVersion = 15.0.28307.421
MinimumVisualStudioVersion = 10.0.40219.1
Project("{FAE04EC0-301F-11D3-BF4B-00C04F79EFBC}") = "RDO.Data.AspNetCore", "RDO.Data.AspNetCore\RDO.Data.AspNetCore.csproj", "{C5388CE1-1077-4C15-87DB-CE7D561D4D89}"
EndProject
Global
	GlobalSection(SolutionConfigurationPlatforms) = preSolution
		Debug|Any CPU = Debug|Any CPU
		Release|Any CPU = Release|Any CPU
	EndGlobalSection
	GlobalSection(ProjectConfigurationPlatforms) = postSolution
		{C5388CE1-1077-4C15-87DB-CE7D561D4D89}.Debug|Any CPU.ActiveCfg = Debug|Any CPU
		{C5388CE1-1077-4C15-87DB-CE7D561D4D89}.Debug|Any CPU.Build.0 = Debug|Any CPU
		{C5388CE1-1077-4C15-87DB-CE7D561D4D89}.Release|Any CPU.ActiveCfg = Release|Any CPU
		{C5388CE1-1077-4C15-87DB-CE7D561D4D89}.Release|Any CPU.Build.0 = Release|Any CPU
	EndGlobalSection
	GlobalSection(SolutionProperties) = preSolution
		HideSolutionNode = FALSE
	EndGlobalSection
	GlobalSection(ExtensibilityGlobals) = postSolution
		SolutionGuid = {F8B5DC54-50E5-41EF-906B-63895F404413}
	EndGlobalSection
EndGlobal
