Microsoft Visual Studio Solution File, Format Version 12.00
# Visual Studio 15
VisualStudioVersion = 15.0.27428.2037
MinimumVisualStudioVersion = 10.0.40219.1
Project("{9A19103F-16F7-4668-BE54-9A1E7A4F7556}") = "Data.SqlServer", "src\Data.SqlServer\Data.SqlServer.csproj", "{A6FA783F-4ADA-4BEA-9422-DF79344EC625}"
EndProject
Project("{9A19103F-16F7-4668-BE54-9A1E7A4F7556}") = "IntegrationTests", "test\IntegrationTests\IntegrationTests.csproj", "{55670E5D-0C04-4861-A080-C9FE7D258305}"
EndProject
Project("{9A19103F-16F7-4668-BE54-9A1E7A4F7556}") = "UnitTests", "test\UnitTests\UnitTests.csproj", "{406601E1-B089-41BB-8E8B-2A0AF0E402C5}"
EndProject
Project("{2150E333-8FDC-42A3-9474-1A3956D46DE8}") = "src", "src", "{3836F052-5EF6-4830-9632-E87F6330128E}"
EndProject
Project("{2150E333-8FDC-42A3-9474-1A3956D46DE8}") = "test", "test", "{89626352-7E3E-4025-BD6E-39EE22B3E5BC}"
EndProject
Project("{9A19103F-16F7-4668-BE54-9A1E7A4F7556}") = "Data", "src\Data\Data.csproj", "{C105698D-CA51-4D67-BC8C-16A63CBA647E}"
EndProject
Project("{9A19103F-16F7-4668-BE54-9A1E7A4F7556}") = "Data.Analyzers.Test", "test\Data.Analyzers.CSharp\Data.Analyzers.Test.csproj", "{BF3A7DC2-D803-41F2-8741-5A53EE7D0425}"
EndProject
Project("{9A19103F-16F7-4668-BE54-9A1E7A4F7556}") = "Data.Analyzers", "src\Data.Analyzers.CSharp\Data.Analyzers.csproj", "{8FF4772B-6133-4570-814A-BF432F423B7B}"
EndProject
Project("{FAE04EC0-301F-11D3-BF4B-00C04F79EFBC}") = "Data.Analyzers.Vsix", "test\Data.Analyzers.CSharp.Vsix\Data.Analyzers.Vsix.csproj", "{A64BED82-9113-415E-B2A6-F9A880ABDF2B}"
EndProject
Project("{2150E333-8FDC-42A3-9474-1A3956D46DE8}") = "deploy", "deploy", "{D18D68DC-8D94-4F4C-BFEE-8225544FE15E}"
	ProjectSection(SolutionItems) = preProject
		deploy\.gitignore = deploy\.gitignore
		deploy\Build.bat = deploy\Build.bat
		deploy\Build.ps1 = deploy\Build.ps1
		deploy\Deploy.DevZest.Data.props = deploy\Deploy.DevZest.Data.props
		deploy\Deploy.DevZest.Data.SqlServer.props = deploy\Deploy.DevZest.Data.SqlServer.props
		deploy\Deploy.DevZest.Samples.AdventureWorksLT.props = deploy\Deploy.DevZest.Samples.AdventureWorksLT.props
		deploy\Deploy.props = deploy\Deploy.props
		deploy\ReadMe.md = deploy\ReadMe.md
		deploy\Sync.bat = deploy\Sync.bat
		deploy\Sync.DevZest.Data.bat = deploy\Sync.DevZest.Data.bat
		deploy\Sync.DevZest.Data.SqlServer.bat = deploy\Sync.DevZest.Data.SqlServer.bat
		deploy\Sync.DevZest.Samples.AdventureWorksLT.bat = deploy\Sync.DevZest.Samples.AdventureWorksLT.bat
	EndProjectSection
EndProject
Project("{9A19103F-16F7-4668-BE54-9A1E7A4F7556}") = "AdventureWorksLT", "samples\AdventureWorksLT\AdventureWorksLT.csproj", "{80ADC5EC-75A7-4C13-96FB-597AF222C804}"
EndProject
Project("{2150E333-8FDC-42A3-9474-1A3956D46DE8}") = "samples", "samples", "{61BAF81D-3EA2-4493-8474-CC067C4557A0}"
EndProject
Project("{778DAE3C-4631-46EA-AA77-85C1314464D9}") = "AdventureWorksLT.VB", "samples\AdventureWorksLT.VB\AdventureWorksLT.VB.vbproj", "{34D15C17-8D0B-4CD8-9DC6-617ED1A28CDB}"
EndProject
Project("{2150E333-8FDC-42A3-9474-1A3956D46DE8}") = "DevZest.Data", "DevZest.Data", "{127B6FF7-FB73-4008-B499-85C490F958EF}"
EndProject
Project("{2150E333-8FDC-42A3-9474-1A3956D46DE8}") = "DevZest.Data.SqlServer", "DevZest.Data.SqlServer", "{DE357412-D23F-47AD-BA4E-72315DB79167}"
EndProject
Project("{2150E333-8FDC-42A3-9474-1A3956D46DE8}") = "DevZest.Samples.AdventureWorksLT", "DevZest.Samples.AdventureWorksLT", "{227706D3-888B-46DE-9B88-8D3E8DE3CF3E}"
EndProject
Global
	GlobalSection(SolutionConfigurationPlatforms) = preSolution
		Debug|Any CPU = Debug|Any CPU
		Release|Any CPU = Release|Any CPU
	EndGlobalSection
	GlobalSection(ProjectConfigurationPlatforms) = postSolution
		{A6FA783F-4ADA-4BEA-9422-DF79344EC625}.Debug|Any CPU.ActiveCfg = Debug|Any CPU
		{A6FA783F-4ADA-4BEA-9422-DF79344EC625}.Debug|Any CPU.Build.0 = Debug|Any CPU
		{A6FA783F-4ADA-4BEA-9422-DF79344EC625}.Release|Any CPU.ActiveCfg = Release|Any CPU
		{A6FA783F-4ADA-4BEA-9422-DF79344EC625}.Release|Any CPU.Build.0 = Release|Any CPU
		{55670E5D-0C04-4861-A080-C9FE7D258305}.Debug|Any CPU.ActiveCfg = Debug|Any CPU
		{55670E5D-0C04-4861-A080-C9FE7D258305}.Debug|Any CPU.Build.0 = Debug|Any CPU
		{55670E5D-0C04-4861-A080-C9FE7D258305}.Release|Any CPU.ActiveCfg = Release|Any CPU
		{55670E5D-0C04-4861-A080-C9FE7D258305}.Release|Any CPU.Build.0 = Release|Any CPU
		{406601E1-B089-41BB-8E8B-2A0AF0E402C5}.Debug|Any CPU.ActiveCfg = Debug|Any CPU
		{406601E1-B089-41BB-8E8B-2A0AF0E402C5}.Debug|Any CPU.Build.0 = Debug|Any CPU
		{406601E1-B089-41BB-8E8B-2A0AF0E402C5}.Release|Any CPU.ActiveCfg = Release|Any CPU
		{406601E1-B089-41BB-8E8B-2A0AF0E402C5}.Release|Any CPU.Build.0 = Release|Any CPU
		{C105698D-CA51-4D67-BC8C-16A63CBA647E}.Debug|Any CPU.ActiveCfg = Debug|Any CPU
		{C105698D-CA51-4D67-BC8C-16A63CBA647E}.Debug|Any CPU.Build.0 = Debug|Any CPU
		{C105698D-CA51-4D67-BC8C-16A63CBA647E}.Release|Any CPU.ActiveCfg = Release|Any CPU
		{C105698D-CA51-4D67-BC8C-16A63CBA647E}.Release|Any CPU.Build.0 = Release|Any CPU
		{BF3A7DC2-D803-41F2-8741-5A53EE7D0425}.Debug|Any CPU.ActiveCfg = Debug|Any CPU
		{BF3A7DC2-D803-41F2-8741-5A53EE7D0425}.Debug|Any CPU.Build.0 = Debug|Any CPU
		{BF3A7DC2-D803-41F2-8741-5A53EE7D0425}.Release|Any CPU.ActiveCfg = Release|Any CPU
		{BF3A7DC2-D803-41F2-8741-5A53EE7D0425}.Release|Any CPU.Build.0 = Release|Any CPU
		{8FF4772B-6133-4570-814A-BF432F423B7B}.Debug|Any CPU.ActiveCfg = Debug|Any CPU
		{8FF4772B-6133-4570-814A-BF432F423B7B}.Debug|Any CPU.Build.0 = Debug|Any CPU
		{8FF4772B-6133-4570-814A-BF432F423B7B}.Release|Any CPU.ActiveCfg = Release|Any CPU
		{8FF4772B-6133-4570-814A-BF432F423B7B}.Release|Any CPU.Build.0 = Release|Any CPU
		{A64BED82-9113-415E-B2A6-F9A880ABDF2B}.Debug|Any CPU.ActiveCfg = Debug|Any CPU
		{A64BED82-9113-415E-B2A6-F9A880ABDF2B}.Debug|Any CPU.Build.0 = Debug|Any CPU
		{A64BED82-9113-415E-B2A6-F9A880ABDF2B}.Release|Any CPU.ActiveCfg = Release|Any CPU
		{A64BED82-9113-415E-B2A6-F9A880ABDF2B}.Release|Any CPU.Build.0 = Release|Any CPU
		{80ADC5EC-75A7-4C13-96FB-597AF222C804}.Debug|Any CPU.ActiveCfg = Debug|Any CPU
		{80ADC5EC-75A7-4C13-96FB-597AF222C804}.Debug|Any CPU.Build.0 = Debug|Any CPU
		{80ADC5EC-75A7-4C13-96FB-597AF222C804}.Release|Any CPU.ActiveCfg = Release|Any CPU
		{80ADC5EC-75A7-4C13-96FB-597AF222C804}.Release|Any CPU.Build.0 = Release|Any CPU
		{34D15C17-8D0B-4CD8-9DC6-617ED1A28CDB}.Debug|Any CPU.ActiveCfg = Debug|Any CPU
		{34D15C17-8D0B-4CD8-9DC6-617ED1A28CDB}.Debug|Any CPU.Build.0 = Debug|Any CPU
		{34D15C17-8D0B-4CD8-9DC6-617ED1A28CDB}.Release|Any CPU.ActiveCfg = Release|Any CPU
		{34D15C17-8D0B-4CD8-9DC6-617ED1A28CDB}.Release|Any CPU.Build.0 = Release|Any CPU
	EndGlobalSection
	GlobalSection(SolutionProperties) = preSolution
		HideSolutionNode = FALSE
	EndGlobalSection
	GlobalSection(NestedProjects) = preSolution
		{A6FA783F-4ADA-4BEA-9422-DF79344EC625} = {3836F052-5EF6-4830-9632-E87F6330128E}
		{55670E5D-0C04-4861-A080-C9FE7D258305} = {89626352-7E3E-4025-BD6E-39EE22B3E5BC}
		{406601E1-B089-41BB-8E8B-2A0AF0E402C5} = {89626352-7E3E-4025-BD6E-39EE22B3E5BC}
		{C105698D-CA51-4D67-BC8C-16A63CBA647E} = {3836F052-5EF6-4830-9632-E87F6330128E}
		{BF3A7DC2-D803-41F2-8741-5A53EE7D0425} = {89626352-7E3E-4025-BD6E-39EE22B3E5BC}
		{8FF4772B-6133-4570-814A-BF432F423B7B} = {3836F052-5EF6-4830-9632-E87F6330128E}
		{A64BED82-9113-415E-B2A6-F9A880ABDF2B} = {89626352-7E3E-4025-BD6E-39EE22B3E5BC}
		{80ADC5EC-75A7-4C13-96FB-597AF222C804} = {61BAF81D-3EA2-4493-8474-CC067C4557A0}
		{34D15C17-8D0B-4CD8-9DC6-617ED1A28CDB} = {61BAF81D-3EA2-4493-8474-CC067C4557A0}
		{127B6FF7-FB73-4008-B499-85C490F958EF} = {D18D68DC-8D94-4F4C-BFEE-8225544FE15E}
		{DE357412-D23F-47AD-BA4E-72315DB79167} = {D18D68DC-8D94-4F4C-BFEE-8225544FE15E}
		{227706D3-888B-46DE-9B88-8D3E8DE3CF3E} = {D18D68DC-8D94-4F4C-BFEE-8225544FE15E}
	EndGlobalSection
	GlobalSection(ExtensibilityGlobals) = postSolution
		SolutionGuid = {715F4075-E102-42F7-B727-98B6383A6556}
	EndGlobalSection
EndGlobal
