
Microsoft Visual Studio Solution File, Format Version 12.00
# Visual Studio 15
VisualStudioVersion = 15.0.27004.2006
MinimumVisualStudioVersion = 10.0.40219.1
Project("{9A19103F-16F7-4668-BE54-9A1E7A4F7556}") = "DevZest.Data.WPF.NuGet", "deploy\DevZest.Data.WPF\DevZest.Data.WPF.NuGet.csproj", "{9B80336E-E3AB-4466-B353-69B3B80B0D1C}"
EndProject
Project("{FAE04EC0-301F-11D3-BF4B-00C04F79EFBC}") = "Data.WPF", "deploy\Sync.DevZest.Data.WPF\Data.WPF.csproj", "{13148E98-0F1A-44D3-8DEF-99392773AF3E}"
EndProject
Project("{2150E333-8FDC-42A3-9474-1A3956D46DE8}") = "deploy", "deploy", "{9C0BECC0-8527-48DA-B907-43AABE8E0A8C}"
	ProjectSection(SolutionItems) = preProject
		deploy\.gitignore = deploy\.gitignore
		deploy\Deploy.DevZest.Data.WPF.props = deploy\Deploy.DevZest.Data.WPF.props
		deploy\Deploy.props = deploy\Deploy.props
		deploy\Key.snk = deploy\Key.snk
		deploy\Sync.DevZest.Data.WPF.bat = deploy\Sync.DevZest.Data.WPF.bat
		deploy\VerGen.bat = deploy\VerGen.bat
		deploy\VerGen.DevZest.Data.WPF.bat = deploy\VerGen.DevZest.Data.WPF.bat
		deploy\VerGen.ps1 = deploy\VerGen.ps1
	EndProjectSection
EndProject
Project("{2150E333-8FDC-42A3-9474-1A3956D46DE8}") = "DevZest.Data.WPF", "DevZest.Data.WPF", "{60D0520A-0BD3-4432-A52F-F9CF9403B61B}"
	ProjectSection(SolutionItems) = preProject
		deploy\ReadMe.md = deploy\ReadMe.md
	EndProjectSection
EndProject
Project("{2150E333-8FDC-42A3-9474-1A3956D46DE8}") = "VerGen", "VerGen", "{CBBECE0B-F44A-4C84-994A-D900CB27313A}"
	ProjectSection(SolutionItems) = preProject
		deploy\DevZest.Data.WPF\VerGen\AssemblyVersion.cs = deploy\DevZest.Data.WPF\VerGen\AssemblyVersion.cs
		deploy\DevZest.Data.WPF\VerGen\NuGet.props = deploy\DevZest.Data.WPF\VerGen\NuGet.props
		deploy\DevZest.Data.WPF\VerGen\PackageReference.props = deploy\DevZest.Data.WPF\VerGen\PackageReference.props
		deploy\DevZest.Data.WPF\VerGen\packages.config = deploy\DevZest.Data.WPF\VerGen\packages.config
	EndProjectSection
EndProject
Global
	GlobalSection(SolutionConfigurationPlatforms) = preSolution
		Debug|Any CPU = Debug|Any CPU
		Release|Any CPU = Release|Any CPU
	EndGlobalSection
	GlobalSection(ProjectConfigurationPlatforms) = postSolution
		{9B80336E-E3AB-4466-B353-69B3B80B0D1C}.Debug|Any CPU.ActiveCfg = Debug|Any CPU
		{9B80336E-E3AB-4466-B353-69B3B80B0D1C}.Debug|Any CPU.Build.0 = Debug|Any CPU
		{9B80336E-E3AB-4466-B353-69B3B80B0D1C}.Release|Any CPU.ActiveCfg = Release|Any CPU
		{9B80336E-E3AB-4466-B353-69B3B80B0D1C}.Release|Any CPU.Build.0 = Release|Any CPU
		{13148E98-0F1A-44D3-8DEF-99392773AF3E}.Debug|Any CPU.ActiveCfg = Debug|Any CPU
		{13148E98-0F1A-44D3-8DEF-99392773AF3E}.Debug|Any CPU.Build.0 = Debug|Any CPU
		{13148E98-0F1A-44D3-8DEF-99392773AF3E}.Release|Any CPU.ActiveCfg = Release|Any CPU
		{13148E98-0F1A-44D3-8DEF-99392773AF3E}.Release|Any CPU.Build.0 = Release|Any CPU
	EndGlobalSection
	GlobalSection(SolutionProperties) = preSolution
		HideSolutionNode = FALSE
	EndGlobalSection
	GlobalSection(NestedProjects) = preSolution
		{60D0520A-0BD3-4432-A52F-F9CF9403B61B} = {9C0BECC0-8527-48DA-B907-43AABE8E0A8C}
		{CBBECE0B-F44A-4C84-994A-D900CB27313A} = {60D0520A-0BD3-4432-A52F-F9CF9403B61B}
	EndGlobalSection
	GlobalSection(ExtensibilityGlobals) = postSolution
		SolutionGuid = {58ED37EA-0CF8-4520-BB38-45E348D8222C}
	EndGlobalSection
EndGlobal
