Microsoft Visual Studio Solution File, Format Version 12.00
# Visual Studio 15
VisualStudioVersion = 15.0.27428.2037
MinimumVisualStudioVersion = 10.0.40219.1
Project("{9A19103F-16F7-4668-BE54-9A1E7A4F7556}") = "Data.SqlServer", "src\Data.SqlServer\Data.SqlServer.csproj", "{A6FA783F-4ADA-4BEA-9422-DF79344EC625}"
EndProject
Project("{2150E333-8FDC-42A3-9474-1A3956D46DE8}") = "src", "src", "{3836F052-5EF6-4830-9632-E87F6330128E}"
EndProject
Project("{2150E333-8FDC-42A3-9474-1A3956D46DE8}") = "test", "test", "{89626352-7E3E-4025-BD6E-39EE22B3E5BC}"
EndProject
Project("{9A19103F-16F7-4668-BE54-9A1E7A4F7556}") = "Data", "src\Data\Data.csproj", "{C105698D-CA51-4D67-BC8C-16A63CBA647E}"
EndProject
Project("{9A19103F-16F7-4668-BE54-9A1E7A4F7556}") = "Data.Analyzers.Test", "test\Data.Analyzers\Data.Analyzers.Test.csproj", "{BF3A7DC2-D803-41F2-8741-5A53EE7D0425}"
EndProject
Project("{9A19103F-16F7-4668-BE54-9A1E7A4F7556}") = "Data.Analyzers", "src\Data.Analyzers\Data.Analyzers.csproj", "{8FF4772B-6133-4570-814A-BF432F423B7B}"
EndProject
Project("{FAE04EC0-301F-11D3-BF4B-00C04F79EFBC}") = "Data.Analyzers.Vsix", "test\Data.Analyzers.Vsix\Data.Analyzers.Vsix.csproj", "{A64BED82-9113-415E-B2A6-F9A880ABDF2B}"
EndProject
Project("{2150E333-8FDC-42A3-9474-1A3956D46DE8}") = "samples", "samples", "{61BAF81D-3EA2-4493-8474-CC067C4557A0}"
EndProject
Project("{2150E333-8FDC-42A3-9474-1A3956D46DE8}") = "AdventureWorksLT.CSharp", "AdventureWorksLT.CSharp", "{BE6B9D9D-B163-41BD-9F91-2C57889A1AB2}"
EndProject
Project("{9A19103F-16F7-4668-BE54-9A1E7A4F7556}") = "AdventureWorksLT", "samples\AdventureWorksLT.CSharp\AdventureWorksLT\AdventureWorksLT.csproj", "{AD15E68A-92DF-4AEA-8A96-40B2C8648F19}"
EndProject
Project("{2150E333-8FDC-42A3-9474-1A3956D46DE8}") = "AdventureWorksLT.VisualBasic", "AdventureWorksLT.VisualBasic", "{20265DDF-5B8E-4B7D-BC0A-66C78677DA39}"
EndProject
Project("{778DAE3C-4631-46EA-AA77-85C1314464D9}") = "AdventureWorksLT", "samples\AdventureWorksLT.VisualBasic\AdventureWorksLT\AdventureWorksLT.vbproj", "{311C3F21-D65A-4C4D-A7B4-A17061590E1F}"
EndProject
Project("{778DAE3C-4631-46EA-AA77-85C1314464D9}") = "AdventureWorksLT.DbDesign", "samples\AdventureWorksLT.VisualBasic\AdventureWorksLT.DbDesign\AdventureWorksLT.DbDesign.vbproj", "{21C50505-6194-49EE-9EF1-D289D45CD90C}"
EndProject
Project("{9A19103F-16F7-4668-BE54-9A1E7A4F7556}") = "AdventureWorksLT.DbDesign", "samples\AdventureWorksLT.CSharp\AdventureWorksLT.DbDesign\AdventureWorksLT.DbDesign.csproj", "{F1F235BB-BAF7-4565-A6DD-3E7CAA00AA12}"
EndProject
Project("{9A19103F-16F7-4668-BE54-9A1E7A4F7556}") = "Data.IntegrationTests", "test\Data.IntegrationTests\Data.IntegrationTests.csproj", "{774B14F7-425F-42BF-A9BE-73200B0F4918}"
EndProject
Project("{9A19103F-16F7-4668-BE54-9A1E7A4F7556}") = "Data.UnitTests", "test\Data.UnitTests\Data.UnitTests.csproj", "{6F5206CA-4EB5-448F-88A9-A0CE545CEA72}"
EndProject
Project("{FAE04EC0-301F-11D3-BF4B-00C04F79EFBC}") = "AdventrureWorksLT.WpfApp", "samples\AdventureWorksLT.WpfApp\AdventrureWorksLT.WpfApp.csproj", "{89595262-2443-4F2E-9789-60C7998A0A07}"
EndProject
Project("{FAE04EC0-301F-11D3-BF4B-00C04F79EFBC}") = "FileExplorer", "samples\FileExplorer\FileExplorer.csproj", "{CFFCA50E-AC24-4EC2-AA89-412EFEA87B73}"
EndProject
Project("{9A19103F-16F7-4668-BE54-9A1E7A4F7556}") = "RazorPagesMovie", "samples\RazorPagesMovie\RazorPagesMovie.csproj", "{81020AF9-363A-4542-AC4D-CEE34FFA2EA3}"
EndProject
Project("{FAE04EC0-301F-11D3-BF4B-00C04F79EFBC}") = "SmoothScroll", "samples\SmoothScroll\SmoothScroll.csproj", "{4E1C60AD-880E-419D-B87A-18FCE594412A}"
EndProject
Project("{FAE04EC0-301F-11D3-BF4B-00C04F79EFBC}") = "ValidationUI", "samples\ValidationUI\ValidationUI.csproj", "{BC34673C-0605-4062-A976-11C184D615F5}"
EndProject
Project("{9A19103F-16F7-4668-BE54-9A1E7A4F7556}") = "Data.MySql", "src\Data.MySql\Data.MySql.csproj", "{D8EB5DE6-BD81-4C34-BADB-DD4C44DC61B8}"
EndProject
Project("{FAE04EC0-301F-11D3-BF4B-00C04F79EFBC}") = "Data.WPF", "src\Data.WPF\Data.WPF.csproj", "{13148E98-0F1A-44D3-8DEF-99392773AF3E}"
EndProject
Project("{9A19103F-16F7-4668-BE54-9A1E7A4F7556}") = "Data.AspNetCore", "src\Data.AspNetCore\Data.AspNetCore.csproj", "{532C8D37-A7B5-4A80-8B2E-9C055D8261BF}"
EndProject
Project("{2150E333-8FDC-42A3-9474-1A3956D46DE8}") = "AdventureWorksLT.MySql", "AdventureWorksLT.MySql", "{64D1F521-242E-419B-88F5-086F3AA54AC8}"
EndProject
Project("{9A19103F-16F7-4668-BE54-9A1E7A4F7556}") = "AdventureWorksLT", "samples\AdventureWorksLT.MySql\AdventureWorksLT\AdventureWorksLT.csproj", "{B58CB6F0-E708-498C-9B32-0B4623148936}"
EndProject
Project("{9A19103F-16F7-4668-BE54-9A1E7A4F7556}") = "AdventureWorksLT.DbDesign", "samples\AdventureWorksLT.MySql\AdventureWorksLT.DbDesign\AdventureWorksLT.DbDesign.csproj", "{82F1242C-F7E5-40C3-9C58-B35B9C563780}"
EndProject
Project("{9A19103F-16F7-4668-BE54-9A1E7A4F7556}") = "Data.AspNetCore.UnitTests", "test\Data.AspNetCore.UnitTests\Data.AspNetCore.UnitTests.csproj", "{F8934D4E-E492-4A3D-8E9C-D09A8DE44DA9}"
EndProject
Project("{9A19103F-16F7-4668-BE54-9A1E7A4F7556}") = "Data.MySql.IntegrationTests", "test\Data.MySql.IntegrationTests\Data.MySql.IntegrationTests.csproj", "{4C00577E-195D-4454-A960-18F9D5BE85D9}"
EndProject
Project("{9A19103F-16F7-4668-BE54-9A1E7A4F7556}") = "Data.MySql.UnitTests", "test\Data.MySql.UnitTests\Data.MySql.UnitTests.csproj", "{E3E3FEB7-90C0-439A-BEDC-BDE963F10F8B}"
EndProject
Project("{FAE04EC0-301F-11D3-BF4B-00C04F79EFBC}") = "Data.WPF.UnitTests", "test\Data.WPF.UnitTests\Data.WPF.UnitTests.csproj", "{0A97428A-730F-4939-BF41-A65AE91BB01E}"
EndProject
Global
	GlobalSection(SolutionConfigurationPlatforms) = preSolution
		Debug|Any CPU = Debug|Any CPU
		Release|Any CPU = Release|Any CPU
	EndGlobalSection
	GlobalSection(ProjectConfigurationPlatforms) = postSolution
		{A6FA783F-4ADA-4BEA-9422-DF79344EC625}.Debug|Any CPU.ActiveCfg = Debug|Any CPU
		{A6FA783F-4ADA-4BEA-9422-DF79344EC625}.Debug|Any CPU.Build.0 = Debug|Any CPU
		{A6FA783F-4ADA-4BEA-9422-DF79344EC625}.Release|Any CPU.ActiveCfg = Release|Any CPU
		{A6FA783F-4ADA-4BEA-9422-DF79344EC625}.Release|Any CPU.Build.0 = Release|Any CPU
		{C105698D-CA51-4D67-BC8C-16A63CBA647E}.Debug|Any CPU.ActiveCfg = Debug|Any CPU
		{C105698D-CA51-4D67-BC8C-16A63CBA647E}.Debug|Any CPU.Build.0 = Debug|Any CPU
		{C105698D-CA51-4D67-BC8C-16A63CBA647E}.Release|Any CPU.ActiveCfg = Release|Any CPU
		{C105698D-CA51-4D67-BC8C-16A63CBA647E}.Release|Any CPU.Build.0 = Release|Any CPU
		{BF3A7DC2-D803-41F2-8741-5A53EE7D0425}.Debug|Any CPU.ActiveCfg = Debug|Any CPU
		{BF3A7DC2-D803-41F2-8741-5A53EE7D0425}.Debug|Any CPU.Build.0 = Debug|Any CPU
		{BF3A7DC2-D803-41F2-8741-5A53EE7D0425}.Release|Any CPU.ActiveCfg = Release|Any CPU
		{BF3A7DC2-D803-41F2-8741-5A53EE7D0425}.Release|Any CPU.Build.0 = Release|Any CPU
		{8FF4772B-6133-4570-814A-BF432F423B7B}.Debug|Any CPU.ActiveCfg = Debug|Any CPU
		{8FF4772B-6133-4570-814A-BF432F423B7B}.Debug|Any CPU.Build.0 = Debug|Any CPU
		{8FF4772B-6133-4570-814A-BF432F423B7B}.Release|Any CPU.ActiveCfg = Release|Any CPU
		{8FF4772B-6133-4570-814A-BF432F423B7B}.Release|Any CPU.Build.0 = Release|Any CPU
		{A64BED82-9113-415E-B2A6-F9A880ABDF2B}.Debug|Any CPU.ActiveCfg = Debug|Any CPU
		{A64BED82-9113-415E-B2A6-F9A880ABDF2B}.Debug|Any CPU.Build.0 = Debug|Any CPU
		{A64BED82-9113-415E-B2A6-F9A880ABDF2B}.Release|Any CPU.ActiveCfg = Release|Any CPU
		{A64BED82-9113-415E-B2A6-F9A880ABDF2B}.Release|Any CPU.Build.0 = Release|Any CPU
		{AD15E68A-92DF-4AEA-8A96-40B2C8648F19}.Debug|Any CPU.ActiveCfg = Debug|Any CPU
		{AD15E68A-92DF-4AEA-8A96-40B2C8648F19}.Debug|Any CPU.Build.0 = Debug|Any CPU
		{AD15E68A-92DF-4AEA-8A96-40B2C8648F19}.Release|Any CPU.ActiveCfg = Release|Any CPU
		{AD15E68A-92DF-4AEA-8A96-40B2C8648F19}.Release|Any CPU.Build.0 = Release|Any CPU
		{311C3F21-D65A-4C4D-A7B4-A17061590E1F}.Debug|Any CPU.ActiveCfg = Debug|Any CPU
		{311C3F21-D65A-4C4D-A7B4-A17061590E1F}.Debug|Any CPU.Build.0 = Debug|Any CPU
		{311C3F21-D65A-4C4D-A7B4-A17061590E1F}.Release|Any CPU.ActiveCfg = Release|Any CPU
		{311C3F21-D65A-4C4D-A7B4-A17061590E1F}.Release|Any CPU.Build.0 = Release|Any CPU
		{21C50505-6194-49EE-9EF1-D289D45CD90C}.Debug|Any CPU.ActiveCfg = Debug|Any CPU
		{21C50505-6194-49EE-9EF1-D289D45CD90C}.Debug|Any CPU.Build.0 = Debug|Any CPU
		{21C50505-6194-49EE-9EF1-D289D45CD90C}.Release|Any CPU.ActiveCfg = Release|Any CPU
		{21C50505-6194-49EE-9EF1-D289D45CD90C}.Release|Any CPU.Build.0 = Release|Any CPU
		{F1F235BB-BAF7-4565-A6DD-3E7CAA00AA12}.Debug|Any CPU.ActiveCfg = Debug|Any CPU
		{F1F235BB-BAF7-4565-A6DD-3E7CAA00AA12}.Debug|Any CPU.Build.0 = Debug|Any CPU
		{F1F235BB-BAF7-4565-A6DD-3E7CAA00AA12}.Release|Any CPU.ActiveCfg = Release|Any CPU
		{F1F235BB-BAF7-4565-A6DD-3E7CAA00AA12}.Release|Any CPU.Build.0 = Release|Any CPU
		{774B14F7-425F-42BF-A9BE-73200B0F4918}.Debug|Any CPU.ActiveCfg = Debug|Any CPU
		{774B14F7-425F-42BF-A9BE-73200B0F4918}.Debug|Any CPU.Build.0 = Debug|Any CPU
		{774B14F7-425F-42BF-A9BE-73200B0F4918}.Release|Any CPU.ActiveCfg = Release|Any CPU
		{774B14F7-425F-42BF-A9BE-73200B0F4918}.Release|Any CPU.Build.0 = Release|Any CPU
		{6F5206CA-4EB5-448F-88A9-A0CE545CEA72}.Debug|Any CPU.ActiveCfg = Debug|Any CPU
		{6F5206CA-4EB5-448F-88A9-A0CE545CEA72}.Debug|Any CPU.Build.0 = Debug|Any CPU
		{6F5206CA-4EB5-448F-88A9-A0CE545CEA72}.Release|Any CPU.ActiveCfg = Release|Any CPU
		{6F5206CA-4EB5-448F-88A9-A0CE545CEA72}.Release|Any CPU.Build.0 = Release|Any CPU
		{89595262-2443-4F2E-9789-60C7998A0A07}.Debug|Any CPU.ActiveCfg = Debug|Any CPU
		{89595262-2443-4F2E-9789-60C7998A0A07}.Debug|Any CPU.Build.0 = Debug|Any CPU
		{89595262-2443-4F2E-9789-60C7998A0A07}.Release|Any CPU.ActiveCfg = Release|Any CPU
		{89595262-2443-4F2E-9789-60C7998A0A07}.Release|Any CPU.Build.0 = Release|Any CPU
		{CFFCA50E-AC24-4EC2-AA89-412EFEA87B73}.Debug|Any CPU.ActiveCfg = Debug|Any CPU
		{CFFCA50E-AC24-4EC2-AA89-412EFEA87B73}.Debug|Any CPU.Build.0 = Debug|Any CPU
		{CFFCA50E-AC24-4EC2-AA89-412EFEA87B73}.Release|Any CPU.ActiveCfg = Release|Any CPU
		{CFFCA50E-AC24-4EC2-AA89-412EFEA87B73}.Release|Any CPU.Build.0 = Release|Any CPU
		{81020AF9-363A-4542-AC4D-CEE34FFA2EA3}.Debug|Any CPU.ActiveCfg = Debug|Any CPU
		{81020AF9-363A-4542-AC4D-CEE34FFA2EA3}.Debug|Any CPU.Build.0 = Debug|Any CPU
		{81020AF9-363A-4542-AC4D-CEE34FFA2EA3}.Release|Any CPU.ActiveCfg = Release|Any CPU
		{81020AF9-363A-4542-AC4D-CEE34FFA2EA3}.Release|Any CPU.Build.0 = Release|Any CPU
		{4E1C60AD-880E-419D-B87A-18FCE594412A}.Debug|Any CPU.ActiveCfg = Debug|Any CPU
		{4E1C60AD-880E-419D-B87A-18FCE594412A}.Debug|Any CPU.Build.0 = Debug|Any CPU
		{4E1C60AD-880E-419D-B87A-18FCE594412A}.Release|Any CPU.ActiveCfg = Release|Any CPU
		{4E1C60AD-880E-419D-B87A-18FCE594412A}.Release|Any CPU.Build.0 = Release|Any CPU
		{BC34673C-0605-4062-A976-11C184D615F5}.Debug|Any CPU.ActiveCfg = Debug|Any CPU
		{BC34673C-0605-4062-A976-11C184D615F5}.Debug|Any CPU.Build.0 = Debug|Any CPU
		{BC34673C-0605-4062-A976-11C184D615F5}.Release|Any CPU.ActiveCfg = Release|Any CPU
		{BC34673C-0605-4062-A976-11C184D615F5}.Release|Any CPU.Build.0 = Release|Any CPU
		{D8EB5DE6-BD81-4C34-BADB-DD4C44DC61B8}.Debug|Any CPU.ActiveCfg = Debug|Any CPU
		{D8EB5DE6-BD81-4C34-BADB-DD4C44DC61B8}.Debug|Any CPU.Build.0 = Debug|Any CPU
		{D8EB5DE6-BD81-4C34-BADB-DD4C44DC61B8}.Release|Any CPU.ActiveCfg = Release|Any CPU
		{D8EB5DE6-BD81-4C34-BADB-DD4C44DC61B8}.Release|Any CPU.Build.0 = Release|Any CPU
		{13148E98-0F1A-44D3-8DEF-99392773AF3E}.Debug|Any CPU.ActiveCfg = Debug|Any CPU
		{13148E98-0F1A-44D3-8DEF-99392773AF3E}.Debug|Any CPU.Build.0 = Debug|Any CPU
		{13148E98-0F1A-44D3-8DEF-99392773AF3E}.Release|Any CPU.ActiveCfg = Release|Any CPU
		{13148E98-0F1A-44D3-8DEF-99392773AF3E}.Release|Any CPU.Build.0 = Release|Any CPU
		{532C8D37-A7B5-4A80-8B2E-9C055D8261BF}.Debug|Any CPU.ActiveCfg = Debug|Any CPU
		{532C8D37-A7B5-4A80-8B2E-9C055D8261BF}.Debug|Any CPU.Build.0 = Debug|Any CPU
		{532C8D37-A7B5-4A80-8B2E-9C055D8261BF}.Release|Any CPU.ActiveCfg = Release|Any CPU
		{532C8D37-A7B5-4A80-8B2E-9C055D8261BF}.Release|Any CPU.Build.0 = Release|Any CPU
		{B58CB6F0-E708-498C-9B32-0B4623148936}.Debug|Any CPU.ActiveCfg = Debug|Any CPU
		{B58CB6F0-E708-498C-9B32-0B4623148936}.Debug|Any CPU.Build.0 = Debug|Any CPU
		{B58CB6F0-E708-498C-9B32-0B4623148936}.Release|Any CPU.ActiveCfg = Release|Any CPU
		{B58CB6F0-E708-498C-9B32-0B4623148936}.Release|Any CPU.Build.0 = Release|Any CPU
		{82F1242C-F7E5-40C3-9C58-B35B9C563780}.Debug|Any CPU.ActiveCfg = Debug|Any CPU
		{82F1242C-F7E5-40C3-9C58-B35B9C563780}.Debug|Any CPU.Build.0 = Debug|Any CPU
		{82F1242C-F7E5-40C3-9C58-B35B9C563780}.Release|Any CPU.ActiveCfg = Release|Any CPU
		{82F1242C-F7E5-40C3-9C58-B35B9C563780}.Release|Any CPU.Build.0 = Release|Any CPU
		{F8934D4E-E492-4A3D-8E9C-D09A8DE44DA9}.Debug|Any CPU.ActiveCfg = Debug|Any CPU
		{F8934D4E-E492-4A3D-8E9C-D09A8DE44DA9}.Debug|Any CPU.Build.0 = Debug|Any CPU
		{F8934D4E-E492-4A3D-8E9C-D09A8DE44DA9}.Release|Any CPU.ActiveCfg = Release|Any CPU
		{F8934D4E-E492-4A3D-8E9C-D09A8DE44DA9}.Release|Any CPU.Build.0 = Release|Any CPU
		{4C00577E-195D-4454-A960-18F9D5BE85D9}.Debug|Any CPU.ActiveCfg = Debug|Any CPU
		{4C00577E-195D-4454-A960-18F9D5BE85D9}.Debug|Any CPU.Build.0 = Debug|Any CPU
		{4C00577E-195D-4454-A960-18F9D5BE85D9}.Release|Any CPU.ActiveCfg = Release|Any CPU
		{4C00577E-195D-4454-A960-18F9D5BE85D9}.Release|Any CPU.Build.0 = Release|Any CPU
		{E3E3FEB7-90C0-439A-BEDC-BDE963F10F8B}.Debug|Any CPU.ActiveCfg = Debug|Any CPU
		{E3E3FEB7-90C0-439A-BEDC-BDE963F10F8B}.Debug|Any CPU.Build.0 = Debug|Any CPU
		{E3E3FEB7-90C0-439A-BEDC-BDE963F10F8B}.Release|Any CPU.ActiveCfg = Release|Any CPU
		{E3E3FEB7-90C0-439A-BEDC-BDE963F10F8B}.Release|Any CPU.Build.0 = Release|Any CPU
		{0A97428A-730F-4939-BF41-A65AE91BB01E}.Debug|Any CPU.ActiveCfg = Debug|Any CPU
		{0A97428A-730F-4939-BF41-A65AE91BB01E}.Debug|Any CPU.Build.0 = Debug|Any CPU
		{0A97428A-730F-4939-BF41-A65AE91BB01E}.Release|Any CPU.ActiveCfg = Release|Any CPU
		{0A97428A-730F-4939-BF41-A65AE91BB01E}.Release|Any CPU.Build.0 = Release|Any CPU
	EndGlobalSection
	GlobalSection(SolutionProperties) = preSolution
		HideSolutionNode = FALSE
	EndGlobalSection
	GlobalSection(NestedProjects) = preSolution
		{A6FA783F-4ADA-4BEA-9422-DF79344EC625} = {3836F052-5EF6-4830-9632-E87F6330128E}
		{C105698D-CA51-4D67-BC8C-16A63CBA647E} = {3836F052-5EF6-4830-9632-E87F6330128E}
		{BF3A7DC2-D803-41F2-8741-5A53EE7D0425} = {89626352-7E3E-4025-BD6E-39EE22B3E5BC}
		{8FF4772B-6133-4570-814A-BF432F423B7B} = {3836F052-5EF6-4830-9632-E87F6330128E}
		{A64BED82-9113-415E-B2A6-F9A880ABDF2B} = {89626352-7E3E-4025-BD6E-39EE22B3E5BC}
		{BE6B9D9D-B163-41BD-9F91-2C57889A1AB2} = {61BAF81D-3EA2-4493-8474-CC067C4557A0}
		{AD15E68A-92DF-4AEA-8A96-40B2C8648F19} = {BE6B9D9D-B163-41BD-9F91-2C57889A1AB2}
		{20265DDF-5B8E-4B7D-BC0A-66C78677DA39} = {61BAF81D-3EA2-4493-8474-CC067C4557A0}
		{311C3F21-D65A-4C4D-A7B4-A17061590E1F} = {20265DDF-5B8E-4B7D-BC0A-66C78677DA39}
		{21C50505-6194-49EE-9EF1-D289D45CD90C} = {20265DDF-5B8E-4B7D-BC0A-66C78677DA39}
		{F1F235BB-BAF7-4565-A6DD-3E7CAA00AA12} = {BE6B9D9D-B163-41BD-9F91-2C57889A1AB2}
		{774B14F7-425F-42BF-A9BE-73200B0F4918} = {89626352-7E3E-4025-BD6E-39EE22B3E5BC}
		{6F5206CA-4EB5-448F-88A9-A0CE545CEA72} = {89626352-7E3E-4025-BD6E-39EE22B3E5BC}
		{89595262-2443-4F2E-9789-60C7998A0A07} = {61BAF81D-3EA2-4493-8474-CC067C4557A0}
		{CFFCA50E-AC24-4EC2-AA89-412EFEA87B73} = {61BAF81D-3EA2-4493-8474-CC067C4557A0}
		{81020AF9-363A-4542-AC4D-CEE34FFA2EA3} = {61BAF81D-3EA2-4493-8474-CC067C4557A0}
		{4E1C60AD-880E-419D-B87A-18FCE594412A} = {61BAF81D-3EA2-4493-8474-CC067C4557A0}
		{BC34673C-0605-4062-A976-11C184D615F5} = {61BAF81D-3EA2-4493-8474-CC067C4557A0}
		{D8EB5DE6-BD81-4C34-BADB-DD4C44DC61B8} = {3836F052-5EF6-4830-9632-E87F6330128E}
		{13148E98-0F1A-44D3-8DEF-99392773AF3E} = {3836F052-5EF6-4830-9632-E87F6330128E}
		{532C8D37-A7B5-4A80-8B2E-9C055D8261BF} = {3836F052-5EF6-4830-9632-E87F6330128E}
		{64D1F521-242E-419B-88F5-086F3AA54AC8} = {61BAF81D-3EA2-4493-8474-CC067C4557A0}
		{B58CB6F0-E708-498C-9B32-0B4623148936} = {64D1F521-242E-419B-88F5-086F3AA54AC8}
		{82F1242C-F7E5-40C3-9C58-B35B9C563780} = {64D1F521-242E-419B-88F5-086F3AA54AC8}
		{F8934D4E-E492-4A3D-8E9C-D09A8DE44DA9} = {89626352-7E3E-4025-BD6E-39EE22B3E5BC}
		{4C00577E-195D-4454-A960-18F9D5BE85D9} = {89626352-7E3E-4025-BD6E-39EE22B3E5BC}
		{E3E3FEB7-90C0-439A-BEDC-BDE963F10F8B} = {89626352-7E3E-4025-BD6E-39EE22B3E5BC}
		{0A97428A-730F-4939-BF41-A65AE91BB01E} = {89626352-7E3E-4025-BD6E-39EE22B3E5BC}
	EndGlobalSection
	GlobalSection(ExtensibilityGlobals) = postSolution
		SolutionGuid = {715F4075-E102-42F7-B727-98B6383A6556}
	EndGlobalSection
EndGlobal
