Microsoft Visual Studio Solution File, Format Version 12.00
# Visual Studio 15
VisualStudioVersion = 15.0.27428.2037
MinimumVisualStudioVersion = 10.0.40219.1
Project("{9A19103F-16F7-4668-BE54-9A1E7A4F7556}") = "Data.SqlServer", "src\Data.SqlServer\Data.SqlServer.csproj", "{A6FA783F-4ADA-4BEA-9422-DF79344EC625}"
EndProject
Project("{2150E333-8FDC-42A3-9474-1A3956D46DE8}") = "src", "src", "{3836F052-5EF6-4830-9632-E87F6330128E}"
EndProject
Project("{2150E333-8FDC-42A3-9474-1A3956D46DE8}") = "test", "test", "{89626352-7E3E-4025-BD6E-39EE22B3E5BC}"
EndProject
Project("{9A19103F-16F7-4668-BE54-9A1E7A4F7556}") = "Data", "src\Data\Data.csproj", "{C105698D-CA51-4D67-BC8C-16A63CBA647E}"
EndProject
Project("{9A19103F-16F7-4668-BE54-9A1E7A4F7556}") = "Data.Analyzers.Test", "test\Data.Analyzers\Data.Analyzers.Test.csproj", "{BF3A7DC2-D803-41F2-8741-5A53EE7D0425}"
EndProject
Project("{9A19103F-16F7-4668-BE54-9A1E7A4F7556}") = "Data.Analyzers", "src\Data.Analyzers\Data.Analyzers.csproj", "{8FF4772B-6133-4570-814A-BF432F423B7B}"
EndProject
Project("{FAE04EC0-301F-11D3-BF4B-00C04F79EFBC}") = "Data.Analyzers.Vsix", "test\Data.Analyzers.Vsix\Data.Analyzers.Vsix.csproj", "{A64BED82-9113-415E-B2A6-F9A880ABDF2B}"
EndProject
Project("{2150E333-8FDC-42A3-9474-1A3956D46DE8}") = "deploy", "deploy", "{D18D68DC-8D94-4F4C-BFEE-8225544FE15E}"
	ProjectSection(SolutionItems) = preProject
		deploy\.gitignore = deploy\.gitignore
		deploy\Build.bat = deploy\Build.bat
		deploy\Build.ps1 = deploy\Build.ps1
		deploy\Deploy.DevZest.Data.Analyzers.props = deploy\Deploy.DevZest.Data.Analyzers.props
		deploy\Deploy.DevZest.Data.props = deploy\Deploy.DevZest.Data.props
		deploy\Deploy.DevZest.Data.SqlServer.props = deploy\Deploy.DevZest.Data.SqlServer.props
		deploy\Deploy.DevZest.Samples.AdventureWorksLT.props = deploy\Deploy.DevZest.Samples.AdventureWorksLT.props
		deploy\Deploy.props = deploy\Deploy.props
		deploy\ReadMe.md = deploy\ReadMe.md
		deploy\Sync.bat = deploy\Sync.bat
		deploy\Sync.DevZest.Data.bat = deploy\Sync.DevZest.Data.bat
		deploy\Sync.DevZest.Data.SqlServer.bat = deploy\Sync.DevZest.Data.SqlServer.bat
		deploy\Sync.DevZest.Samples.AdventureWorksLT.bat = deploy\Sync.DevZest.Samples.AdventureWorksLT.bat
	EndProjectSection
EndProject
Project("{2150E333-8FDC-42A3-9474-1A3956D46DE8}") = "samples", "samples", "{61BAF81D-3EA2-4493-8474-CC067C4557A0}"
EndProject
Project("{2150E333-8FDC-42A3-9474-1A3956D46DE8}") = "DevZest.Data", "DevZest.Data", "{127B6FF7-FB73-4008-B499-85C490F958EF}"
EndProject
Project("{2150E333-8FDC-42A3-9474-1A3956D46DE8}") = "DevZest.Data.SqlServer", "DevZest.Data.SqlServer", "{DE357412-D23F-47AD-BA4E-72315DB79167}"
EndProject
Project("{2150E333-8FDC-42A3-9474-1A3956D46DE8}") = "DevZest.Samples.AdventureWorksLT", "DevZest.Samples.AdventureWorksLT", "{227706D3-888B-46DE-9B88-8D3E8DE3CF3E}"
EndProject
Project("{2150E333-8FDC-42A3-9474-1A3956D46DE8}") = "CSharp", "CSharp", "{BE6B9D9D-B163-41BD-9F91-2C57889A1AB2}"
EndProject
Project("{9A19103F-16F7-4668-BE54-9A1E7A4F7556}") = "AdventureWorksLT", "samples\AdventureWorksLT.CSharp\AdventureWorksLT\AdventureWorksLT.csproj", "{AD15E68A-92DF-4AEA-8A96-40B2C8648F19}"
EndProject
Project("{2150E333-8FDC-42A3-9474-1A3956D46DE8}") = "VisualBasic", "VisualBasic", "{20265DDF-5B8E-4B7D-BC0A-66C78677DA39}"
EndProject
Project("{778DAE3C-4631-46EA-AA77-85C1314464D9}") = "AdventureWorksLT", "samples\AdventureWorksLT.VisualBasic\AdventureWorksLT\AdventureWorksLT.vbproj", "{311C3F21-D65A-4C4D-A7B4-A17061590E1F}"
EndProject
Project("{778DAE3C-4631-46EA-AA77-85C1314464D9}") = "AdventureWorksLT.DbDesign", "samples\AdventureWorksLT.VisualBasic\AdventureWorksLT.DbDesign\AdventureWorksLT.DbDesign.vbproj", "{21C50505-6194-49EE-9EF1-D289D45CD90C}"
EndProject
Project("{9A19103F-16F7-4668-BE54-9A1E7A4F7556}") = "AdventureWorksLT.DbDesign", "samples\AdventureWorksLT.CSharp\AdventureWorksLT.DbDesign\AdventureWorksLT.DbDesign.csproj", "{F1F235BB-BAF7-4565-A6DD-3E7CAA00AA12}"
EndProject
Project("{9A19103F-16F7-4668-BE54-9A1E7A4F7556}") = "Data.IntegrationTests", "test\Data.IntegrationTests\Data.IntegrationTests.csproj", "{774B14F7-425F-42BF-A9BE-73200B0F4918}"
EndProject
Project("{9A19103F-16F7-4668-BE54-9A1E7A4F7556}") = "Data.UnitTests", "test\Data.UnitTests\Data.UnitTests.csproj", "{6F5206CA-4EB5-448F-88A9-A0CE545CEA72}"
EndProject
Global
	GlobalSection(SolutionConfigurationPlatforms) = preSolution
		Debug|Any CPU = Debug|Any CPU
		Release|Any CPU = Release|Any CPU
	EndGlobalSection
	GlobalSection(ProjectConfigurationPlatforms) = postSolution
		{A6FA783F-4ADA-4BEA-9422-DF79344EC625}.Debug|Any CPU.ActiveCfg = Debug|Any CPU
		{A6FA783F-4ADA-4BEA-9422-DF79344EC625}.Debug|Any CPU.Build.0 = Debug|Any CPU
		{A6FA783F-4ADA-4BEA-9422-DF79344EC625}.Release|Any CPU.ActiveCfg = Release|Any CPU
		{A6FA783F-4ADA-4BEA-9422-DF79344EC625}.Release|Any CPU.Build.0 = Release|Any CPU
		{C105698D-CA51-4D67-BC8C-16A63CBA647E}.Debug|Any CPU.ActiveCfg = Debug|Any CPU
		{C105698D-CA51-4D67-BC8C-16A63CBA647E}.Debug|Any CPU.Build.0 = Debug|Any CPU
		{C105698D-CA51-4D67-BC8C-16A63CBA647E}.Release|Any CPU.ActiveCfg = Release|Any CPU
		{C105698D-CA51-4D67-BC8C-16A63CBA647E}.Release|Any CPU.Build.0 = Release|Any CPU
		{BF3A7DC2-D803-41F2-8741-5A53EE7D0425}.Debug|Any CPU.ActiveCfg = Debug|Any CPU
		{BF3A7DC2-D803-41F2-8741-5A53EE7D0425}.Debug|Any CPU.Build.0 = Debug|Any CPU
		{BF3A7DC2-D803-41F2-8741-5A53EE7D0425}.Release|Any CPU.ActiveCfg = Release|Any CPU
		{BF3A7DC2-D803-41F2-8741-5A53EE7D0425}.Release|Any CPU.Build.0 = Release|Any CPU
		{8FF4772B-6133-4570-814A-BF432F423B7B}.Debug|Any CPU.ActiveCfg = Debug|Any CPU
		{8FF4772B-6133-4570-814A-BF432F423B7B}.Debug|Any CPU.Build.0 = Debug|Any CPU
		{8FF4772B-6133-4570-814A-BF432F423B7B}.Release|Any CPU.ActiveCfg = Release|Any CPU
		{8FF4772B-6133-4570-814A-BF432F423B7B}.Release|Any CPU.Build.0 = Release|Any CPU
		{A64BED82-9113-415E-B2A6-F9A880ABDF2B}.Debug|Any CPU.ActiveCfg = Debug|Any CPU
		{A64BED82-9113-415E-B2A6-F9A880ABDF2B}.Debug|Any CPU.Build.0 = Debug|Any CPU
		{A64BED82-9113-415E-B2A6-F9A880ABDF2B}.Release|Any CPU.ActiveCfg = Release|Any CPU
		{A64BED82-9113-415E-B2A6-F9A880ABDF2B}.Release|Any CPU.Build.0 = Release|Any CPU
		{AD15E68A-92DF-4AEA-8A96-40B2C8648F19}.Debug|Any CPU.ActiveCfg = Debug|Any CPU
		{AD15E68A-92DF-4AEA-8A96-40B2C8648F19}.Debug|Any CPU.Build.0 = Debug|Any CPU
		{AD15E68A-92DF-4AEA-8A96-40B2C8648F19}.Release|Any CPU.ActiveCfg = Release|Any CPU
		{AD15E68A-92DF-4AEA-8A96-40B2C8648F19}.Release|Any CPU.Build.0 = Release|Any CPU
		{311C3F21-D65A-4C4D-A7B4-A17061590E1F}.Debug|Any CPU.ActiveCfg = Debug|Any CPU
		{311C3F21-D65A-4C4D-A7B4-A17061590E1F}.Debug|Any CPU.Build.0 = Debug|Any CPU
		{311C3F21-D65A-4C4D-A7B4-A17061590E1F}.Release|Any CPU.ActiveCfg = Release|Any CPU
		{311C3F21-D65A-4C4D-A7B4-A17061590E1F}.Release|Any CPU.Build.0 = Release|Any CPU
		{21C50505-6194-49EE-9EF1-D289D45CD90C}.Debug|Any CPU.ActiveCfg = Debug|Any CPU
		{21C50505-6194-49EE-9EF1-D289D45CD90C}.Debug|Any CPU.Build.0 = Debug|Any CPU
		{21C50505-6194-49EE-9EF1-D289D45CD90C}.Release|Any CPU.ActiveCfg = Release|Any CPU
		{21C50505-6194-49EE-9EF1-D289D45CD90C}.Release|Any CPU.Build.0 = Release|Any CPU
		{F1F235BB-BAF7-4565-A6DD-3E7CAA00AA12}.Debug|Any CPU.ActiveCfg = Debug|Any CPU
		{F1F235BB-BAF7-4565-A6DD-3E7CAA00AA12}.Debug|Any CPU.Build.0 = Debug|Any CPU
		{F1F235BB-BAF7-4565-A6DD-3E7CAA00AA12}.Release|Any CPU.ActiveCfg = Release|Any CPU
		{F1F235BB-BAF7-4565-A6DD-3E7CAA00AA12}.Release|Any CPU.Build.0 = Release|Any CPU
		{774B14F7-425F-42BF-A9BE-73200B0F4918}.Debug|Any CPU.ActiveCfg = Debug|Any CPU
		{774B14F7-425F-42BF-A9BE-73200B0F4918}.Debug|Any CPU.Build.0 = Debug|Any CPU
		{774B14F7-425F-42BF-A9BE-73200B0F4918}.Release|Any CPU.ActiveCfg = Release|Any CPU
		{774B14F7-425F-42BF-A9BE-73200B0F4918}.Release|Any CPU.Build.0 = Release|Any CPU
		{6F5206CA-4EB5-448F-88A9-A0CE545CEA72}.Debug|Any CPU.ActiveCfg = Debug|Any CPU
		{6F5206CA-4EB5-448F-88A9-A0CE545CEA72}.Debug|Any CPU.Build.0 = Debug|Any CPU
		{6F5206CA-4EB5-448F-88A9-A0CE545CEA72}.Release|Any CPU.ActiveCfg = Release|Any CPU
		{6F5206CA-4EB5-448F-88A9-A0CE545CEA72}.Release|Any CPU.Build.0 = Release|Any CPU
	EndGlobalSection
	GlobalSection(SolutionProperties) = preSolution
		HideSolutionNode = FALSE
	EndGlobalSection
	GlobalSection(NestedProjects) = preSolution
		{A6FA783F-4ADA-4BEA-9422-DF79344EC625} = {3836F052-5EF6-4830-9632-E87F6330128E}
		{C105698D-CA51-4D67-BC8C-16A63CBA647E} = {3836F052-5EF6-4830-9632-E87F6330128E}
		{BF3A7DC2-D803-41F2-8741-5A53EE7D0425} = {89626352-7E3E-4025-BD6E-39EE22B3E5BC}
		{8FF4772B-6133-4570-814A-BF432F423B7B} = {3836F052-5EF6-4830-9632-E87F6330128E}
		{A64BED82-9113-415E-B2A6-F9A880ABDF2B} = {89626352-7E3E-4025-BD6E-39EE22B3E5BC}
		{127B6FF7-FB73-4008-B499-85C490F958EF} = {D18D68DC-8D94-4F4C-BFEE-8225544FE15E}
		{DE357412-D23F-47AD-BA4E-72315DB79167} = {D18D68DC-8D94-4F4C-BFEE-8225544FE15E}
		{227706D3-888B-46DE-9B88-8D3E8DE3CF3E} = {D18D68DC-8D94-4F4C-BFEE-8225544FE15E}
		{BE6B9D9D-B163-41BD-9F91-2C57889A1AB2} = {61BAF81D-3EA2-4493-8474-CC067C4557A0}
		{AD15E68A-92DF-4AEA-8A96-40B2C8648F19} = {BE6B9D9D-B163-41BD-9F91-2C57889A1AB2}
		{20265DDF-5B8E-4B7D-BC0A-66C78677DA39} = {61BAF81D-3EA2-4493-8474-CC067C4557A0}
		{311C3F21-D65A-4C4D-A7B4-A17061590E1F} = {20265DDF-5B8E-4B7D-BC0A-66C78677DA39}
		{21C50505-6194-49EE-9EF1-D289D45CD90C} = {20265DDF-5B8E-4B7D-BC0A-66C78677DA39}
		{F1F235BB-BAF7-4565-A6DD-3E7CAA00AA12} = {BE6B9D9D-B163-41BD-9F91-2C57889A1AB2}
		{774B14F7-425F-42BF-A9BE-73200B0F4918} = {89626352-7E3E-4025-BD6E-39EE22B3E5BC}
		{6F5206CA-4EB5-448F-88A9-A0CE545CEA72} = {89626352-7E3E-4025-BD6E-39EE22B3E5BC}
	EndGlobalSection
	GlobalSection(ExtensibilityGlobals) = postSolution
		SolutionGuid = {715F4075-E102-42F7-B727-98B6383A6556}
	EndGlobalSection
EndGlobal
