
Microsoft Visual Studio Solution File, Format Version 12.00
# Visual Studio 15
VisualStudioVersion = 15.0.27004.2006
MinimumVisualStudioVersion = 10.0.40219.1
Project("{FAE04EC0-301F-11D3-BF4B-00C04F79EFBC}") = "Data.WPF", "Sync.DevZest.Data.WPF\Data.WPF.csproj", "{13148E98-0F1A-44D3-8DEF-99392773AF3E}"
EndProject
Project("{9A19103F-16F7-4668-BE54-9A1E7A4F7556}") = "DevZest.Data.WPF.NuGet", "DevZest.Data.WPF\DevZest.Data.WPF.NuGet.csproj", "{75C94BF2-067E-4DFB-A87F-41B2B1480B56}"
EndProject
Project("{2150E333-8FDC-42A3-9474-1A3956D46DE8}") = "deploy", "deploy", "{2DE30930-6C42-469D-9572-A40E88F5F055}"
	ProjectSection(SolutionItems) = preProject
		Build.bat = Build.bat
		Deploy.DevZest.Data.WPF.props = Deploy.DevZest.Data.WPF.props
		Deploy.props = Deploy.props
		Key.snk = Key.snk
		ReadMe.md = ReadMe.md
		Sync.DevZest.Data.WPF.bat = Sync.DevZest.Data.WPF.bat
		VerGen.DevZest.Data.WPF.bat = VerGen.DevZest.Data.WPF.bat
		VerGen.ps1 = VerGen.ps1
		vswhere.exe = vswhere.exe
	EndProjectSection
EndProject
Project("{2150E333-8FDC-42A3-9474-1A3956D46DE8}") = "DevZest.Data.WPF", "DevZest.Data.WPF", "{F989A8EB-2046-497F-9AEE-F62474342682}"
EndProject
Project("{2150E333-8FDC-42A3-9474-1A3956D46DE8}") = "VerGen", "VerGen", "{8D06945D-1EBA-4AEA-ACCA-C5ABC7E6EBA1}"
	ProjectSection(SolutionItems) = preProject
		DevZest.Data.WPF\VerGen\AssemblyVersion.cs = DevZest.Data.WPF\VerGen\AssemblyVersion.cs
		DevZest.Data.WPF\VerGen\NuGet.props = DevZest.Data.WPF\VerGen\NuGet.props
		DevZest.Data.WPF\VerGen\PackageReference.props = DevZest.Data.WPF\VerGen\PackageReference.props
		DevZest.Data.WPF\VerGen\packages.config = DevZest.Data.WPF\VerGen\packages.config
	EndProjectSection
EndProject
Global
	GlobalSection(SolutionConfigurationPlatforms) = preSolution
		Debug|Any CPU = Debug|Any CPU
		Release|Any CPU = Release|Any CPU
	EndGlobalSection
	GlobalSection(ProjectConfigurationPlatforms) = postSolution
		{13148E98-0F1A-44D3-8DEF-99392773AF3E}.Debug|Any CPU.ActiveCfg = Debug|Any CPU
		{13148E98-0F1A-44D3-8DEF-99392773AF3E}.Debug|Any CPU.Build.0 = Debug|Any CPU
		{13148E98-0F1A-44D3-8DEF-99392773AF3E}.Release|Any CPU.ActiveCfg = Release|Any CPU
		{13148E98-0F1A-44D3-8DEF-99392773AF3E}.Release|Any CPU.Build.0 = Release|Any CPU
		{75C94BF2-067E-4DFB-A87F-41B2B1480B56}.Debug|Any CPU.ActiveCfg = Debug|Any CPU
		{75C94BF2-067E-4DFB-A87F-41B2B1480B56}.Debug|Any CPU.Build.0 = Debug|Any CPU
		{75C94BF2-067E-4DFB-A87F-41B2B1480B56}.Release|Any CPU.ActiveCfg = Release|Any CPU
		{75C94BF2-067E-4DFB-A87F-41B2B1480B56}.Release|Any CPU.Build.0 = Release|Any CPU
	EndGlobalSection
	GlobalSection(SolutionProperties) = preSolution
		HideSolutionNode = FALSE
	EndGlobalSection
	GlobalSection(NestedProjects) = preSolution
		{F989A8EB-2046-497F-9AEE-F62474342682} = {2DE30930-6C42-469D-9572-A40E88F5F055}
		{8D06945D-1EBA-4AEA-ACCA-C5ABC7E6EBA1} = {F989A8EB-2046-497F-9AEE-F62474342682}
	EndGlobalSection
	GlobalSection(ExtensibilityGlobals) = postSolution
		SolutionGuid = {58ED37EA-0CF8-4520-BB38-45E348D8222C}
	EndGlobalSection
EndGlobal
