
Microsoft Visual Studio Solution File, Format Version 12.00
# Visual Studio 15
VisualStudioVersion = 15.0.27004.2006
MinimumVisualStudioVersion = 10.0.40219.1
Project("{2150E333-8FDC-42A3-9474-1A3956D46DE8}") = "Solution Items", "Solution Items", "{4DE5269C-9D97-4F4E-8D40-ECD972812EB3}"
	ProjectSection(SolutionItems) = preProject
		Build.bat = Build.bat
		Build.ps1 = Build.ps1
		Key.snk = Key.snk
	EndProjectSection
EndProject
Project("{9A19103F-16F7-4668-BE54-9A1E7A4F7556}") = "DevZest.Data.Common", "DevZest.Data.Common\DevZest.Data.Common.csproj", "{2914AE95-42FB-4844-9E00-B192BF5EDA59}"
EndProject
Project("{9A19103F-16F7-4668-BE54-9A1E7A4F7556}") = "DevZest.Data.SqlServer", "DevZest.Data.SqlServer\DevZest.Data.SqlServer.csproj", "{9D58656A-8BDB-40DE-8369-9045D6E629AA}"
EndProject
Project("{9A19103F-16F7-4668-BE54-9A1E7A4F7556}") = "DevZest.Samples.AdventureWorksLT", "DevZest.Samples.AdventureWorksLT\DevZest.Samples.AdventureWorksLT.csproj", "{28CCFA6A-AD87-4FCB-BC03-1444B7B157A9}"
EndProject
Global
	GlobalSection(SolutionConfigurationPlatforms) = preSolution
		Debug|Any CPU = Debug|Any CPU
		Debug|ARM = Debug|ARM
		Debug|x64 = Debug|x64
		Debug|x86 = Debug|x86
		Release|Any CPU = Release|Any CPU
		Release|ARM = Release|ARM
		Release|x64 = Release|x64
		Release|x86 = Release|x86
	EndGlobalSection
	GlobalSection(ProjectConfigurationPlatforms) = postSolution
		{2914AE95-42FB-4844-9E00-B192BF5EDA59}.Debug|Any CPU.ActiveCfg = Release|Any CPU
		{2914AE95-42FB-4844-9E00-B192BF5EDA59}.Debug|Any CPU.Build.0 = Release|Any CPU
		{2914AE95-42FB-4844-9E00-B192BF5EDA59}.Debug|Any CPU.Deploy.0 = Release|Any CPU
		{2914AE95-42FB-4844-9E00-B192BF5EDA59}.Debug|ARM.ActiveCfg = Debug|Any CPU
		{2914AE95-42FB-4844-9E00-B192BF5EDA59}.Debug|ARM.Build.0 = Debug|Any CPU
		{2914AE95-42FB-4844-9E00-B192BF5EDA59}.Debug|x64.ActiveCfg = Debug|Any CPU
		{2914AE95-42FB-4844-9E00-B192BF5EDA59}.Debug|x64.Build.0 = Debug|Any CPU
		{2914AE95-42FB-4844-9E00-B192BF5EDA59}.Debug|x86.ActiveCfg = Debug|Any CPU
		{2914AE95-42FB-4844-9E00-B192BF5EDA59}.Debug|x86.Build.0 = Debug|Any CPU
		{2914AE95-42FB-4844-9E00-B192BF5EDA59}.Release|Any CPU.ActiveCfg = Release|Any CPU
		{2914AE95-42FB-4844-9E00-B192BF5EDA59}.Release|Any CPU.Build.0 = Release|Any CPU
		{2914AE95-42FB-4844-9E00-B192BF5EDA59}.Release|ARM.ActiveCfg = Release|Any CPU
		{2914AE95-42FB-4844-9E00-B192BF5EDA59}.Release|ARM.Build.0 = Release|Any CPU
		{2914AE95-42FB-4844-9E00-B192BF5EDA59}.Release|x64.ActiveCfg = Release|Any CPU
		{2914AE95-42FB-4844-9E00-B192BF5EDA59}.Release|x64.Build.0 = Release|Any CPU
		{2914AE95-42FB-4844-9E00-B192BF5EDA59}.Release|x86.ActiveCfg = Release|Any CPU
		{2914AE95-42FB-4844-9E00-B192BF5EDA59}.Release|x86.Build.0 = Release|Any CPU
		{9D58656A-8BDB-40DE-8369-9045D6E629AA}.Debug|Any CPU.ActiveCfg = Debug|Any CPU
		{9D58656A-8BDB-40DE-8369-9045D6E629AA}.Debug|Any CPU.Build.0 = Debug|Any CPU
		{9D58656A-8BDB-40DE-8369-9045D6E629AA}.Debug|ARM.ActiveCfg = Debug|Any CPU
		{9D58656A-8BDB-40DE-8369-9045D6E629AA}.Debug|ARM.Build.0 = Debug|Any CPU
		{9D58656A-8BDB-40DE-8369-9045D6E629AA}.Debug|x64.ActiveCfg = Debug|Any CPU
		{9D58656A-8BDB-40DE-8369-9045D6E629AA}.Debug|x64.Build.0 = Debug|Any CPU
		{9D58656A-8BDB-40DE-8369-9045D6E629AA}.Debug|x86.ActiveCfg = Debug|Any CPU
		{9D58656A-8BDB-40DE-8369-9045D6E629AA}.Debug|x86.Build.0 = Debug|Any CPU
		{9D58656A-8BDB-40DE-8369-9045D6E629AA}.Release|Any CPU.ActiveCfg = Release|Any CPU
		{9D58656A-8BDB-40DE-8369-9045D6E629AA}.Release|Any CPU.Build.0 = Release|Any CPU
		{9D58656A-8BDB-40DE-8369-9045D6E629AA}.Release|ARM.ActiveCfg = Release|Any CPU
		{9D58656A-8BDB-40DE-8369-9045D6E629AA}.Release|ARM.Build.0 = Release|Any CPU
		{9D58656A-8BDB-40DE-8369-9045D6E629AA}.Release|x64.ActiveCfg = Release|Any CPU
		{9D58656A-8BDB-40DE-8369-9045D6E629AA}.Release|x64.Build.0 = Release|Any CPU
		{9D58656A-8BDB-40DE-8369-9045D6E629AA}.Release|x86.ActiveCfg = Release|Any CPU
		{9D58656A-8BDB-40DE-8369-9045D6E629AA}.Release|x86.Build.0 = Release|Any CPU
		{28CCFA6A-AD87-4FCB-BC03-1444B7B157A9}.Debug|Any CPU.ActiveCfg = Debug|Any CPU
		{28CCFA6A-AD87-4FCB-BC03-1444B7B157A9}.Debug|Any CPU.Build.0 = Debug|Any CPU
		{28CCFA6A-AD87-4FCB-BC03-1444B7B157A9}.Debug|ARM.ActiveCfg = Debug|Any CPU
		{28CCFA6A-AD87-4FCB-BC03-1444B7B157A9}.Debug|ARM.Build.0 = Debug|Any CPU
		{28CCFA6A-AD87-4FCB-BC03-1444B7B157A9}.Debug|x64.ActiveCfg = Debug|Any CPU
		{28CCFA6A-AD87-4FCB-BC03-1444B7B157A9}.Debug|x64.Build.0 = Debug|Any CPU
		{28CCFA6A-AD87-4FCB-BC03-1444B7B157A9}.Debug|x86.ActiveCfg = Debug|Any CPU
		{28CCFA6A-AD87-4FCB-BC03-1444B7B157A9}.Debug|x86.Build.0 = Debug|Any CPU
		{28CCFA6A-AD87-4FCB-BC03-1444B7B157A9}.Release|Any CPU.ActiveCfg = Release|Any CPU
		{28CCFA6A-AD87-4FCB-BC03-1444B7B157A9}.Release|Any CPU.Build.0 = Release|Any CPU
		{28CCFA6A-AD87-4FCB-BC03-1444B7B157A9}.Release|ARM.ActiveCfg = Release|Any CPU
		{28CCFA6A-AD87-4FCB-BC03-1444B7B157A9}.Release|ARM.Build.0 = Release|Any CPU
		{28CCFA6A-AD87-4FCB-BC03-1444B7B157A9}.Release|x64.ActiveCfg = Release|Any CPU
		{28CCFA6A-AD87-4FCB-BC03-1444B7B157A9}.Release|x64.Build.0 = Release|Any CPU
		{28CCFA6A-AD87-4FCB-BC03-1444B7B157A9}.Release|x86.ActiveCfg = Release|Any CPU
		{28CCFA6A-AD87-4FCB-BC03-1444B7B157A9}.Release|x86.Build.0 = Release|Any CPU
	EndGlobalSection
	GlobalSection(SolutionProperties) = preSolution
		HideSolutionNode = FALSE
	EndGlobalSection
	GlobalSection(ExtensibilityGlobals) = postSolution
		SolutionGuid = {948AADF3-C7A5-4AEF-9F4A-F3175A5FCDB3}
	EndGlobalSection
EndGlobal
