
Microsoft Visual Studio Solution File, Format Version 12.00
# Visual Studio 15
VisualStudioVersion = 15.0.27703.2000
MinimumVisualStudioVersion = 10.0.40219.1
Project("{2150E333-8FDC-42A3-9474-1A3956D46DE8}") = "Solution Items", "Solution Items", "{FC6DEE1D-315B-4BA7-94FA-0474F4A173CD}"
	ProjectSection(SolutionItems) = preProject
		DevZest.Samples.AdventureWorksLT.DbDesign.props = DevZest.Samples.AdventureWorksLT.DbDesign.props
		DevZest.Samples.AdventureWorksLT.props = DevZest.Samples.AdventureWorksLT.props
	EndProjectSection
EndProject
Project("{778DAE3C-4631-46EA-AA77-85C1314464D9}") = "AdventureWorksLT", "AdventureWorksLT\AdventureWorksLT.vbproj", "{454E82BB-D3BD-4B7D-A1A9-6E8A77F0D32F}"
EndProject
Project("{778DAE3C-4631-46EA-AA77-85C1314464D9}") = "AdventureWorksLT.DbDesign", "AdventureWorksLT.DbDesign\AdventureWorksLT.DbDesign.vbproj", "{3F19A3DE-87BE-4E6F-946F-33DCA2B1CA49}"
EndProject
Global
	GlobalSection(SolutionConfigurationPlatforms) = preSolution
		Debug|Any CPU = Debug|Any CPU
		Release|Any CPU = Release|Any CPU
	EndGlobalSection
	GlobalSection(ProjectConfigurationPlatforms) = postSolution
		{454E82BB-D3BD-4B7D-A1A9-6E8A77F0D32F}.Debug|Any CPU.ActiveCfg = Debug|Any CPU
		{454E82BB-D3BD-4B7D-A1A9-6E8A77F0D32F}.Debug|Any CPU.Build.0 = Debug|Any CPU
		{454E82BB-D3BD-4B7D-A1A9-6E8A77F0D32F}.Release|Any CPU.ActiveCfg = Release|Any CPU
		{454E82BB-D3BD-4B7D-A1A9-6E8A77F0D32F}.Release|Any CPU.Build.0 = Release|Any CPU
		{3F19A3DE-87BE-4E6F-946F-33DCA2B1CA49}.Debug|Any CPU.ActiveCfg = Debug|Any CPU
		{3F19A3DE-87BE-4E6F-946F-33DCA2B1CA49}.Debug|Any CPU.Build.0 = Debug|Any CPU
		{3F19A3DE-87BE-4E6F-946F-33DCA2B1CA49}.Release|Any CPU.ActiveCfg = Release|Any CPU
		{3F19A3DE-87BE-4E6F-946F-33DCA2B1CA49}.Release|Any CPU.Build.0 = Release|Any CPU
	EndGlobalSection
	GlobalSection(SolutionProperties) = preSolution
		HideSolutionNode = FALSE
	EndGlobalSection
	GlobalSection(ExtensibilityGlobals) = postSolution
		SolutionGuid = {FC711EE2-FF07-42A0-9635-CE4624EA2C44}
	EndGlobalSection
EndGlobal
