
Microsoft Visual Studio Solution File, Format Version 12.00
# Visual Studio 15
VisualStudioVersion = 15.0.28307.539
MinimumVisualStudioVersion = 10.0.40219.1
Project("{9A19103F-16F7-4668-BE54-9A1E7A4F7556}") = "AdventureWorksLT.Data", "AdventureWorksLT.Data.SqlServer.CSharp\AdventureWorksLT.Data\AdventureWorksLT.Data.csproj", "{C0C21AA8-E2E5-476B-B898-FEA17154D1A3}"
EndProject
Project("{9A19103F-16F7-4668-BE54-9A1E7A4F7556}") = "AdventureWorksLT.Data.DbDesign", "AdventureWorksLT.Data.SqlServer.CSharp\AdventureWorksLT.Data.DbDesign\AdventureWorksLT.Data.DbDesign.csproj", "{FA3D8BD5-14EC-4528-8270-D8011CFC69A6}"
EndProject
Project("{FAE04EC0-301F-11D3-BF4B-00C04F79EFBC}") = "AdventrureWorksLT.WpfApp", "AdventureWorksLT.WpfApp\AdventrureWorksLT.WpfApp.csproj", "{89595262-2443-4F2E-9789-60C7998A0A07}"
EndProject
Global
	GlobalSection(SolutionConfigurationPlatforms) = preSolution
		Debug|Any CPU = Debug|Any CPU
		Release|Any CPU = Release|Any CPU
	EndGlobalSection
	GlobalSection(ProjectConfigurationPlatforms) = postSolution
		{C0C21AA8-E2E5-476B-B898-FEA17154D1A3}.Debug|Any CPU.ActiveCfg = Debug|Any CPU
		{C0C21AA8-E2E5-476B-B898-FEA17154D1A3}.Debug|Any CPU.Build.0 = Debug|Any CPU
		{C0C21AA8-E2E5-476B-B898-FEA17154D1A3}.Release|Any CPU.ActiveCfg = Release|Any CPU
		{C0C21AA8-E2E5-476B-B898-FEA17154D1A3}.Release|Any CPU.Build.0 = Release|Any CPU
		{FA3D8BD5-14EC-4528-8270-D8011CFC69A6}.Debug|Any CPU.ActiveCfg = Debug|Any CPU
		{FA3D8BD5-14EC-4528-8270-D8011CFC69A6}.Debug|Any CPU.Build.0 = Debug|Any CPU
		{FA3D8BD5-14EC-4528-8270-D8011CFC69A6}.Release|Any CPU.ActiveCfg = Release|Any CPU
		{FA3D8BD5-14EC-4528-8270-D8011CFC69A6}.Release|Any CPU.Build.0 = Release|Any CPU
		{89595262-2443-4F2E-9789-60C7998A0A07}.Debug|Any CPU.ActiveCfg = Debug|Any CPU
		{89595262-2443-4F2E-9789-60C7998A0A07}.Debug|Any CPU.Build.0 = Debug|Any CPU
		{89595262-2443-4F2E-9789-60C7998A0A07}.Release|Any CPU.ActiveCfg = Release|Any CPU
		{89595262-2443-4F2E-9789-60C7998A0A07}.Release|Any CPU.Build.0 = Release|Any CPU
	EndGlobalSection
	GlobalSection(SolutionProperties) = preSolution
		HideSolutionNode = FALSE
	EndGlobalSection
	GlobalSection(ExtensibilityGlobals) = postSolution
		SolutionGuid = {5C024E7A-27E5-4C0D-9F85-96D3910F91B6}
	EndGlobalSection
EndGlobal
