
Microsoft Visual Studio Solution File, Format Version 12.00
# Visual Studio 15
VisualStudioVersion = 15.0.28307.705
MinimumVisualStudioVersion = 10.0.40219.1
Project("{FAE04EC0-301F-11D3-BF4B-00C04F79EFBC}") = "Movies", "Movies\Movies.csproj", "{B7D91B60-FEC3-49B3-AF8E-D0DD764EE077}"
EndProject
Project("{FAE04EC0-301F-11D3-BF4B-00C04F79EFBC}") = "Movies.DbDesign", "Movies.DbDesign\Movies.DbDesign.csproj", "{FA07E5CC-7427-48F1-ABAE-AE938FFBB878}"
EndProject
Project("{FAE04EC0-301F-11D3-BF4B-00C04F79EFBC}") = "Movies.Test", "Movies.Test\Movies.Test.csproj", "{CC70A9AD-BC6E-4ADA-BBE2-300076650319}"
EndProject
Project("{FAE04EC0-301F-11D3-BF4B-00C04F79EFBC}") = "Movies.WPF", "Movies.WPF\Movies.WPF.csproj", "{27F537E0-7784-4656-AC37-B1050F88E9A7}"
EndProject
Project("{FAE04EC0-301F-11D3-BF4B-00C04F79EFBC}") = "Movies.AspNetCore", "Movies.AspNetCore\Movies.AspNetCore.csproj", "{409247F0-F950-4C08-AB6C-796A4B0461E5}"
EndProject
Global
	GlobalSection(SolutionConfigurationPlatforms) = preSolution
		Debug|Any CPU = Debug|Any CPU
		Release|Any CPU = Release|Any CPU
	EndGlobalSection
	GlobalSection(ProjectConfigurationPlatforms) = postSolution
		{B7D91B60-FEC3-49B3-AF8E-D0DD764EE077}.Debug|Any CPU.ActiveCfg = Debug|Any CPU
		{B7D91B60-FEC3-49B3-AF8E-D0DD764EE077}.Debug|Any CPU.Build.0 = Debug|Any CPU
		{B7D91B60-FEC3-49B3-AF8E-D0DD764EE077}.Release|Any CPU.ActiveCfg = Release|Any CPU
		{B7D91B60-FEC3-49B3-AF8E-D0DD764EE077}.Release|Any CPU.Build.0 = Release|Any CPU
		{FA07E5CC-7427-48F1-ABAE-AE938FFBB878}.Debug|Any CPU.ActiveCfg = Debug|Any CPU
		{FA07E5CC-7427-48F1-ABAE-AE938FFBB878}.Debug|Any CPU.Build.0 = Debug|Any CPU
		{FA07E5CC-7427-48F1-ABAE-AE938FFBB878}.Release|Any CPU.ActiveCfg = Release|Any CPU
		{FA07E5CC-7427-48F1-ABAE-AE938FFBB878}.Release|Any CPU.Build.0 = Release|Any CPU
		{CC70A9AD-BC6E-4ADA-BBE2-300076650319}.Debug|Any CPU.ActiveCfg = Debug|Any CPU
		{CC70A9AD-BC6E-4ADA-BBE2-300076650319}.Debug|Any CPU.Build.0 = Debug|Any CPU
		{CC70A9AD-BC6E-4ADA-BBE2-300076650319}.Release|Any CPU.ActiveCfg = Release|Any CPU
		{CC70A9AD-BC6E-4ADA-BBE2-300076650319}.Release|Any CPU.Build.0 = Release|Any CPU
		{27F537E0-7784-4656-AC37-B1050F88E9A7}.Debug|Any CPU.ActiveCfg = Debug|Any CPU
		{27F537E0-7784-4656-AC37-B1050F88E9A7}.Debug|Any CPU.Build.0 = Debug|Any CPU
		{27F537E0-7784-4656-AC37-B1050F88E9A7}.Release|Any CPU.ActiveCfg = Release|Any CPU
		{27F537E0-7784-4656-AC37-B1050F88E9A7}.Release|Any CPU.Build.0 = Release|Any CPU
		{409247F0-F950-4C08-AB6C-796A4B0461E5}.Debug|Any CPU.ActiveCfg = Debug|Any CPU
		{409247F0-F950-4C08-AB6C-796A4B0461E5}.Debug|Any CPU.Build.0 = Debug|Any CPU
		{409247F0-F950-4C08-AB6C-796A4B0461E5}.Release|Any CPU.ActiveCfg = Release|Any CPU
		{409247F0-F950-4C08-AB6C-796A4B0461E5}.Release|Any CPU.Build.0 = Release|Any CPU
	EndGlobalSection
	GlobalSection(SolutionProperties) = preSolution
		HideSolutionNode = FALSE
	EndGlobalSection
	GlobalSection(ExtensibilityGlobals) = postSolution
		SolutionGuid = {1D238E29-4EC8-4F8E-A0BE-62242AE225F8}
	EndGlobalSection
EndGlobal
