
Microsoft Visual Studio Solution File, Format Version 12.00
# Visual Studio 15
VisualStudioVersion = 15.0.28307.421
MinimumVisualStudioVersion = 10.0.40219.1
Project("{9A19103F-16F7-4668-BE54-9A1E7A4F7556}") = "Data.DbInit", "Data.DbInit\Data.DbInit.csproj", "{87A6ED1D-AE6B-4ABA-9282-2F254BED7118}"
EndProject
Project("{9A19103F-16F7-4668-BE54-9A1E7A4F7556}") = "Tools.Vsix.CodeAnalysis", "Tools.Vsix.CodeAnalysis\Tools.Vsix.CodeAnalysis.csproj", "{55437E8C-3F2A-4CEA-A6A5-CAFE9EF592B5}"
EndProject
Project("{FAE04EC0-301F-11D3-BF4B-00C04F79EFBC}") = "Tools.Vsix", "Tools.Vsix\Tools.Vsix.csproj", "{F82D6DB4-8A68-4CB1-8C49-74D4E88EC891}"
EndProject
Global
	GlobalSection(SolutionConfigurationPlatforms) = preSolution
		Debug|Any CPU = Debug|Any CPU
		Release|Any CPU = Release|Any CPU
	EndGlobalSection
	GlobalSection(ProjectConfigurationPlatforms) = postSolution
		{87A6ED1D-AE6B-4ABA-9282-2F254BED7118}.Debug|Any CPU.ActiveCfg = Debug|Any CPU
		{87A6ED1D-AE6B-4ABA-9282-2F254BED7118}.Debug|Any CPU.Build.0 = Debug|Any CPU
		{87A6ED1D-AE6B-4ABA-9282-2F254BED7118}.Release|Any CPU.ActiveCfg = Release|Any CPU
		{87A6ED1D-AE6B-4ABA-9282-2F254BED7118}.Release|Any CPU.Build.0 = Release|Any CPU
		{55437E8C-3F2A-4CEA-A6A5-CAFE9EF592B5}.Debug|Any CPU.ActiveCfg = Debug|Any CPU
		{55437E8C-3F2A-4CEA-A6A5-CAFE9EF592B5}.Debug|Any CPU.Build.0 = Debug|Any CPU
		{55437E8C-3F2A-4CEA-A6A5-CAFE9EF592B5}.Release|Any CPU.ActiveCfg = Release|Any CPU
		{55437E8C-3F2A-4CEA-A6A5-CAFE9EF592B5}.Release|Any CPU.Build.0 = Release|Any CPU
		{F82D6DB4-8A68-4CB1-8C49-74D4E88EC891}.Debug|Any CPU.ActiveCfg = Debug|Any CPU
		{F82D6DB4-8A68-4CB1-8C49-74D4E88EC891}.Debug|Any CPU.Build.0 = Debug|Any CPU
		{F82D6DB4-8A68-4CB1-8C49-74D4E88EC891}.Release|Any CPU.ActiveCfg = Release|Any CPU
		{F82D6DB4-8A68-4CB1-8C49-74D4E88EC891}.Release|Any CPU.Build.0 = Release|Any CPU
	EndGlobalSection
	GlobalSection(SolutionProperties) = preSolution
		HideSolutionNode = FALSE
	EndGlobalSection
	GlobalSection(ExtensibilityGlobals) = postSolution
		SolutionGuid = {6B6086B0-3B76-4E80-9E86-BC3B3DF7896B}
	EndGlobalSection
EndGlobal
